{
    "_meta": {
        "hash": {
            "sha256": "b68f839732afc1cf86f60d0a722ab89d81a1a7d4a576e9a0760f5f78adb801bb"
        },
        "pipfile-spec": 6,
        "requires": {
            "python_version": "3.6"
        },
        "sources": [
            {
                "name": "pypi",
                "url": "https://pypi.org/simple",
                "verify_ssl": true
            }
        ]
    },
    "default": {
        "boto3": {
            "hashes": [
                "sha256:bb69628f933a8dba22817c85289b3421b23ac643ff3202b13dd2e933c2717109",
                "sha256:c75c45bae9dbdb2ff3fc3482d421a3901e552574a882dba1cffa064715acfbe7"
            ],
            "index": "pypi",
            "version": "==1.9.130"
        },
        "botocore": {
            "hashes": [
                "sha256:3baf129118575602ada9926f5166d82d02273c250d0feb313fc270944b27c48b",
                "sha256:dc080aed4f9b220a9e916ca29ca97a9d37e8e1d296fe89cbaeef929bf0c8066b"
            ],
            "version": "==1.12.253"
        },
        "dj-database-url": {
            "hashes": [
                "sha256:4aeaeb1f573c74835b0686a2b46b85990571159ffc21aa57ecd4d1e1cb334163",
                "sha256:851785365761ebe4994a921b433062309eb882fedd318e1b0fcecc607ed02da9"
            ],
            "index": "pypi",
            "version": "==0.5.0"
        },
        "django": {
            "hashes": [
                "sha256:7c3543e4fb070d14e10926189a7fcf42ba919263b7473dceaefce34d54e8a119",
                "sha256:a2814bffd1f007805b19194eb0b9a331933b82bd5da1c3ba3d7b7ba16e06dc4b"
            ],
            "index": "pypi",
            "version": "==2.2"
        },
        "django-cors-headers": {
            "hashes": [
                "sha256:1ccedec2973087be9d73f96d58c4f6660c823efc0385581e13efb77f060d0e02",
                "sha256:fb44f6b9f10de847919305c3f0d38fcfbadfe0dd5cf1c866f37df66ad0dda1bb"
            ],
            "index": "pypi",
            "version": "==2.5.2"
        },
        "django-heroku": {
            "hashes": [
                "sha256:2bc690aab89eedbe01311752320a9a12e7548e3b0ed102681acc5736a41a4762",
                "sha256:6af4bc3ae4a9b55eaad6dbe5164918982d2762661aebc9f83d9fa49f6009514e"
            ],
            "index": "pypi",
            "version": "==0.3.1"
        },
        "django-storages": {
            "hashes": [
                "sha256:8e35d2c7baeda5dc6f0b4f9a0fc142d25f9a1bf72b8cebfcbc5db4863abc552d",
                "sha256:b1a63cd5ea286ee5a9fb45de6c3c5c0ae132d58308d06f1ce9865cfcd5e470a7"
            ],
            "index": "pypi",
            "version": "==1.7.1"
        },
        "django-user-agents": {
            "hashes": [
                "sha256:72b1d8f10eebf88c6c04548668ca06c3d4392b1de79dd2a5cf3da7bc5f3027b6",
                "sha256:c5d3d827ea86ed0971b7e344bf8f97ce46a41ccb3ab479c1aef12930bf6ac058"
            ],
            "index": "pypi",
            "version": "==0.3.2"
        },
        "djangorestframework": {
            "hashes": [
                "sha256:8a435df9007c8b7d8e69a21ef06650e3c0cbe0d4b09e55dd1bd74c89a75a9fcd",
                "sha256:f7a266260d656e1cf4ca54d7a7349609dc8af4fe2590edd0ecd7d7643ea94a17"
            ],
            "index": "pypi",
            "version": "==3.9.2"
        },
        "docutils": {
            "hashes": [
                "sha256:6c4f696463b79f1fb8ba0c594b63840ebd41f059e92b31957c46b74a4599b6d0",
                "sha256:9e4d7ecfc600058e07ba661411a2b7de2fd0fafa17d1a7f7361cd47b1175c827",
                "sha256:a2aeea129088da402665e92e0b25b04b073c04b2dce4ab65caaa38b7ce2e1a99"
            ],
            "version": "==0.15.2"
        },
        "gunicorn": {
            "hashes": [
                "sha256:aa8e0b40b4157b36a5df5e599f45c9c76d6af43845ba3b3b0efe2c70473c2471",
                "sha256:fa2662097c66f920f53f70621c6c58ca4a3c4d3434205e608e121b5b3b71f4f3"
            ],
            "index": "pypi",
            "version": "==19.9.0"
        },
        "jmespath": {
            "hashes": [
                "sha256:b85d0567b8666149a93172712e68920734333c0ce7e89b78b3e987f71e5ed4f9",
                "sha256:cdf6525904cc597730141d61b36f2e4b8ecc257c420fa2f4549bac2c2d0cb72f"
            ],
            "version": "==0.10.0"
        },
        "pillow": {
            "hashes": [
                "sha256:01425106e4e8cee195a411f729cff2a7d61813b0b11737c12bd5991f5f14bcd5",
                "sha256:031a6c88c77d08aab84fecc05c3cde8414cd6f8406f4d2b16fed1e97634cc8a4",
                "sha256:083781abd261bdabf090ad07bb69f8f5599943ddb539d64497ed021b2a67e5a9",
                "sha256:0d19d70ee7c2ba97631bae1e7d4725cdb2ecf238178096e8c82ee481e189168a",
                "sha256:0e04d61f0064b545b989126197930807c86bcbd4534d39168f4aa5fda39bb8f9",
                "sha256:12e5e7471f9b637762453da74e390e56cc43e486a88289995c1f4c1dc0bfe727",
                "sha256:22fd0f42ad15dfdde6c581347eaa4adb9a6fc4b865f90b23378aa7914895e120",
                "sha256:238c197fc275b475e87c1453b05b467d2d02c2915fdfdd4af126145ff2e4610c",
                "sha256:3b570f84a6161cf8865c4e08adf629441f56e32f180f7aa4ccbd2e0a5a02cba2",
                "sha256:463822e2f0d81459e113372a168f2ff59723e78528f91f0bd25680ac185cf797",
                "sha256:4d98abdd6b1e3bf1a1cbb14c3895226816e666749ac040c4e2554231068c639b",
                "sha256:5afe6b237a0b81bd54b53f835a153770802f164c5570bab5e005aad693dab87f",
                "sha256:5b70110acb39f3aff6b74cf09bb4169b167e2660dabc304c1e25b6555fa781ef",
                "sha256:5cbf3e3b1014dddc45496e8cf38b9f099c95a326275885199f427825c6522232",
                "sha256:624b977355cde8b065f6d51b98497d6cd5fbdd4f36405f7a8790e3376125e2bb",
                "sha256:63728564c1410d99e6d1ae8e3b810fe012bc440952168af0a2877e8ff5ab96b9",
                "sha256:66cc56579fd91f517290ab02c51e3a80f581aba45fd924fcdee01fa06e635812",
                "sha256:6c32cc3145928c4305d142ebec682419a6c0a8ce9e33db900027ddca1ec39178",
                "sha256:8b56553c0345ad6dcb2e9b433ae47d67f95fc23fe28a0bde15a120f25257e291",
                "sha256:8bb1e155a74e1bfbacd84555ea62fa21c58e0b4e7e6b20e4447b8d07990ac78b",
                "sha256:95d5ef984eff897850f3a83883363da64aae1000e79cb3c321915468e8c6add5",
                "sha256:a013cbe25d20c2e0c4e85a9daf438f85121a4d0344ddc76e33fd7e3965d9af4b",
                "sha256:a787ab10d7bb5494e5f76536ac460741788f1fbce851068d73a87ca7c35fc3e1",
                "sha256:a7d5e9fad90eff8f6f6106d3b98b553a88b6f976e51fce287192a5d2d5363713",
                "sha256:aac00e4bc94d1b7813fe882c28990c1bc2f9d0e1aa765a5f2b516e8a6a16a9e4",
                "sha256:b91c36492a4bbb1ee855b7d16fe51379e5f96b85692dc8210831fbb24c43e484",
                "sha256:c03c07ed32c5324939b19e36ae5f75c660c81461e312a41aea30acdd46f93a7c",
                "sha256:c5236606e8570542ed424849f7852a0ff0bce2c4c8d0ba05cc202a5a9c97dee9",
                "sha256:c6b39294464b03457f9064e98c124e09008b35a62e3189d3513e5148611c9388",
                "sha256:cb7a09e173903541fa888ba010c345893cd9fc1b5891aaf060f6ca77b6a3722d",
                "sha256:d68cb92c408261f806b15923834203f024110a2e2872ecb0bd2a110f89d3c602",
                "sha256:dc38f57d8f20f06dd7c3161c59ca2c86893632623f33a42d592f097b00f720a9",
                "sha256:e98eca29a05913e82177b3ba3d198b1728e164869c613d76d0de4bde6768a50e",
                "sha256:f217c3954ce5fd88303fc0c317af55d5e0204106d86dea17eb8205700d47dec2"
            ],
            "index": "pypi",
            "version": "==8.2.0"
        },
        "psycopg2": {
            "hashes": [
                "sha256:3648afc2b4828a6e00d516d2d09a260edd2c1e3de1e0d41d99c5ab004a73d180",
                "sha256:5329b4530e31f58e0eafc55e26bbef684509bcc3be41604e45c0b98c297dc722",
                "sha256:7c1ae1669d11105a002f804bebd7432f8dc7473459aa405164c6b44a922decd5",
                "sha256:8af13498e32a00d0a66e43b7491c15231b27ab964ee4d2277a4a2dbadfb2c482",
                "sha256:9d5489867bd5f6d6c6191a4debd8de9a5c03a9608cce3f4d7133e29e6bd4ec27",
                "sha256:a17bfc9faffcca0ad9360c1ad97ab61ede583aa954715e8e436ffd80046661ff",
                "sha256:b4a475ce87eabc0607e068a3c704d0aa0820237ed78d493b8e2d880eb73cd7fe",
                "sha256:c49d66e97affdc80d084b3b363f09f17db621418f0b8e0524b06c54959e2094d",
                "sha256:d13fbc3d533656cfdf094e13c1b0f40917b72813755ba780971ba0ce04280ac4",
                "sha256:e1e4fe6e8ab9f9c7d28514d007f623999d2dd6b5b81069dd4f9d30dbdd6f7069",
                "sha256:e67d60cb1a32f5fd8fcea935cf9efb1d1c26f96203b0ca2ae98c4c40ef8d8eac"
            ],
            "index": "pypi",
            "version": "==2.8.1"
        },
        "psycopg2-binary": {
            "hashes": [
                "sha256:163d3ee445a0b4c0109877da9e46271aacf4e5e3d60ae7368669555c30f13e7c",
                "sha256:1af0bfe7b0c13a0e613a27311fd4f9c5d024e8fc0f4b3d284e7df02a58a11fc0",
                "sha256:2169c3a1bf52d5b30cc98625b5919a964c571a32e8646be20be6c7e3e82079de",
                "sha256:218f079fa48e2ef812dc3d3ce6ec2f67ac56427ba4b038d5d6331f2cceb489c2",
                "sha256:26a958930687e94c4c6c73c171e4d4783b82ae4e16aa3424e6bcd4529bceedf0",
                "sha256:2c7c195aef3acdbc853942bc674844031a732890d2fee88a324298ed376b6c2b",
                "sha256:2ecdbfed7004669472bfa27c8d51012c717c241c7154ae17e4c8f93024043525",
                "sha256:345fc31b71a90ada1b51826537917b19a1af685a91c0f066787069c184d7d00f",
                "sha256:378a06649503f548be5f1e9eec2e94cc1d6138250b82a08dcc6151bca8cec107",
                "sha256:3f300bf2930e501dde09605de85cb2b84c2638e2c954be02a3c86f28176d3525",
                "sha256:6c2f66c653ce8bbd7e789d0f7f92c3f9fea881b55226f0ae5ee550cce9e3cf0e",
                "sha256:6fccbac2633831b877a8fbf865f7082d34895e82a015795a9f80f99a2efe2576",
                "sha256:7a166f8ccb6888358d3e67795b057540ea7caa71ab9e089b0cb0097f01088965",
                "sha256:8f6b84f887ec6fef6c1796779f8ec2603dc7e9ef52bc9269de719d4bcbdaebbb",
                "sha256:92cf3ceb7bb90cf35b8bd993c640b15d4832ba0e142a3b9da5006ef217da595d",
                "sha256:a20dfdf73f56da674926a3811929cff9fd23b9af90be9a6c36ac246a3486eef3",
                "sha256:a84415df4689251556c961e4fe3b25d30e32f00faa8064ce0909458dbe0d67b2",
                "sha256:ab1aa1cd50df3860f624c9713ee9e690eefd4e049d3a4d86577bab6e741e9616",
                "sha256:abc9dcf85e75a8687f2a6d560c0c1a2593e8e34ba6f9ad6721f8212c5de179a2",
                "sha256:c10454710a81a2f4b1ff4d1c83ac2cec63e0e55845a56324991514af5b1299d0",
                "sha256:c38f80719e4dfae7a6311a4f091f07f4fb2fb5d602352015d5639f63f8fabb68",
                "sha256:d75cf00605630b2cfefa5c62373c605dcda1cc0d607902847dbb8e8e9b67c1ce",
                "sha256:dce15cb6ef604c9e38fdaa848f58f83153ade9f4aa5e4cf5812aa27163561750",
                "sha256:e7e0db4311bb76bf3f6e0380f71912cfa6d0be7cc635e3772476050b0dabdabd",
                "sha256:eac59cae78dfe3fbf7ece25c170d7a152f88df7643381aa5e7344c2028a8d8d4",
                "sha256:ead7b3e1567bd14cacd44279c5e42cd19f54b9feed39180220253f4fbe3abd56",
                "sha256:ed772a5e8e7e5dd6bede960a86940c17cf653c7f158dafa5d52e919b676f10ba",
                "sha256:f2d73131acb94afa45de8b6b8a4bfb21bbe3736633d6478e53247f19dd8c299c"
            ],
            "index": "pypi",
            "version": "==2.8.1"
        },
        "python-dateutil": {
            "hashes": [
                "sha256:73ebfe9dbf22e832286dafa60473e4cd239f8592f699aa5adaf10050e6e1823c",
                "sha256:75bb3f31ea686f1197762692a9ee6a7550b59fc6ca3a1f4b5d7e32fb98e2da2a"
            ],
            "markers": "python_version >= '2.7'",
            "version": "==2.8.1"
        },
        "pytz": {
            "hashes": [
                "sha256:32b0891edff07e28efe91284ed9c31e123d84bea3fd98e1f72be2508f43ef8d9",
                "sha256:d5f05e487007e29e03409f9398d074e158d920d36eb82eaf66fb1136b0c5374c"
            ],
            "index": "pypi",
            "version": "==2018.9"
        },
        "pyyaml": {
            "hashes": [
                "sha256:1adecc22f88d38052fb787d959f003811ca858b799590a5eaa70e63dca50308c",
                "sha256:436bc774ecf7c103814098159fbb84c2715d25980175292c648f2da143909f95",
                "sha256:460a5a4248763f6f37ea225d19d5c205677d8d525f6a83357ca622ed541830c2",
                "sha256:5a22a9c84653debfbf198d02fe592c176ea548cccce47553f35f466e15cf2fd4",
                "sha256:7a5d3f26b89d688db27822343dfa25c599627bc92093e788956372285c6298ad",
                "sha256:9372b04a02080752d9e6f990179a4ab840227c6e2ce15b95e1278456664cf2ba",
                "sha256:a5dcbebee834eaddf3fa7366316b880ff4062e4bcc9787b78c7fbb4a26ff2dd1",
                "sha256:aee5bab92a176e7cd034e57f46e9df9a9862a71f8f37cad167c6fc74c65f5b4e",
                "sha256:c51f642898c0bacd335fc119da60baae0824f2cde95b0330b56c0553439f0673",
                "sha256:c68ea4d3ba1705da1e0d85da6684ac657912679a649e8868bd850d2c299cce13",
                "sha256:e23d0cc5299223dcc37885dae624f382297717e459ea24053709675a976a3e19"
            ],
            "index": "pypi",
            "version": "==5.1"
        },
        "s3transfer": {
            "hashes": [
                "sha256:6efc926738a3cd576c2a79725fed9afde92378aa5c6a957e3af010cb019fac9d",
                "sha256:b780f2411b824cb541dbcd2c713d0cb61c7d1bcadae204cdddda2b35cef493ba"
            ],
            "version": "==0.2.1"
        },
        "six": {
            "hashes": [
                "sha256:1e61c37477a1626458e36f7b1d82aa5c9b094fa4802892072e49de9c60c4c926",
                "sha256:8abb2f1d86890a2dfb989f9a77cfcfd3e47c2a354b01111771326f8aa26e0254"
            ],
            "version": "==1.16.0"
        },
        "sqlparse": {
            "hashes": [
                "sha256:017cde379adbd6a1f15a61873f43e8274179378e95ef3fede90b5aa64d304ed0",
                "sha256:0f91fd2e829c44362cbcfab3e9ae12e22badaa8a29ad5ff599f9ec109f0454e8"
            ],
            "version": "==0.4.1"
        },
        "ua-parser": {
            "hashes": [
                "sha256:3908c19ea0abdcdfe7245366dc03e5b4a8901ec17105bd66ba2ccbe3948dce8a",
                "sha256:97bbcfc9321a3151d96bb5d62e54270247b0e3be0590a6f2ff12329851718dcb"
            ],
            "index": "pypi",
            "version": "==0.8.0"
        },
        "urllib3": {
            "hashes": [
                "sha256:8d7eaa5a82a1cac232164990f04874c594c9453ec55eef02eab885aa02fc17a2",
                "sha256:f5321fbe4bf3fefa0efd0bfe7fb14e90909eb62a48ccda331726b4319897dd5e"
            ],
            "markers": "python_version >= '3.4'",
            "version": "==1.25.11"
        },
        "user-agents": {
            "hashes": [
                "sha256:792869b990a244f71efea1cb410ecaba99a270a64c5ac37d365bde5d70d6a2fa",
                "sha256:7af7419d61ce8f72ad487cc77ea3b4d1dcaa4cbb7b6df533a7c7aa3ccc44e5b3"
            ],
            "index": "pypi",
            "version": "==2.0"
        },
        "whitenoise": {
            "hashes": [
                "sha256:05ce0be39ad85740a78750c86a93485c40f08ad8c62a6006de0233765996e5c7",
                "sha256:05d00198c777028d72d8b0bbd234db605ef6d60e9410125124002518a48e515d"
            ],
            "version": "==5.2.0"
        }
    },
    "develop": {}
}
